
Microsoft Visual Studio Solution File, Format Version 12.00
# Visual Studio Version 17
VisualStudioVersion = 17.14.36429.23 d17.14
MinimumVisualStudioVersion = 10.0.40219.1
Project("{FAE04EC0-301F-11D3-BF4B-00C04F79EFBC}") = "MVC26", "MVC26\MVC26.csproj", "{57392EDF-4691-485E-AC22-22B21E76BFA6}"
EndProject
Global
	GlobalSection(SolutionConfigurationPlatforms) = preSolution
		Debug|Any CPU = Debug|Any CPU
		Release|Any CPU = Release|Any CPU
	EndGlobalSection
	GlobalSection(ProjectConfigurationPlatforms) = postSolution
		{57392EDF-4691-485E-AC22-22B21E76BFA6}.Debug|Any CPU.ActiveCfg = Debug|Any CPU
		{57392EDF-4691-485E-AC22-22B21E76BFA6}.Debug|Any CPU.Build.0 = Debug|Any CPU
		{57392EDF-4691-485E-AC22-22B21E76BFA6}.Release|Any CPU.ActiveCfg = Release|Any CPU
		{57392EDF-4691-485E-AC22-22B21E76BFA6}.Release|Any CPU.Build.0 = Release|Any CPU
	EndGlobalSection
	GlobalSection(SolutionProperties) = preSolution
		HideSolutionNode = FALSE
	EndGlobalSection
	GlobalSection(ExtensibilityGlobals) = postSolution
		SolutionGuid = {C60EB596-3D9D-4C92-8DDF-84194489F29F}
	EndGlobalSection
EndGlobal
