
Microsoft Visual Studio Solution File, Format Version 12.00
# Visual Studio Version 17
VisualStudioVersion = 17.14.36429.23 d17.14
MinimumVisualStudioVersion = 10.0.40219.1
Project("{FAE04EC0-301F-11D3-BF4B-00C04F79EFBC}") = "VictorAPI", "VictorAPI\VictorAPI.csproj", "{6BD77235-7A7C-4931-8A98-CB82C198211E}"
EndProject
Global
	GlobalSection(SolutionConfigurationPlatforms) = preSolution
		Debug|Any CPU = Debug|Any CPU
		Release|Any CPU = Release|Any CPU
	EndGlobalSection
	GlobalSection(ProjectConfigurationPlatforms) = postSolution
		{6BD77235-7A7C-4931-8A98-CB82C198211E}.Debug|Any CPU.ActiveCfg = Debug|Any CPU
		{6BD77235-7A7C-4931-8A98-CB82C198211E}.Debug|Any CPU.Build.0 = Debug|Any CPU
		{6BD77235-7A7C-4931-8A98-CB82C198211E}.Release|Any CPU.ActiveCfg = Release|Any CPU
		{6BD77235-7A7C-4931-8A98-CB82C198211E}.Release|Any CPU.Build.0 = Release|Any CPU
	EndGlobalSection
	GlobalSection(SolutionProperties) = preSolution
		HideSolutionNode = FALSE
	EndGlobalSection
	GlobalSection(ExtensibilityGlobals) = postSolution
		SolutionGuid = {584E3F32-6357-43F5-9B6F-986C6288AE66}
	EndGlobalSection
EndGlobal
