
Microsoft Visual Studio Solution File, Format Version 12.00
# Visual Studio Version 17
VisualStudioVersion = 17.14.36429.23 d17.14
MinimumVisualStudioVersion = 10.0.40219.1
Project("{FAE04EC0-301F-11D3-BF4B-00C04F79EFBC}") = "ArchidonaGil", "ArchidonaGil\ArchidonaGil.csproj", "{A7CF9075-0832-4EA8-A65F-0E301DC5B5B3}"
EndProject
Project("{FAE04EC0-301F-11D3-BF4B-00C04F79EFBC}") = "ArchidonaGil.Services", "ArchidonaGil.Service\ArchidonaGil.Services.csproj", "{58525463-864B-4933-9E60-01859183B666}"
EndProject
Project("{FAE04EC0-301F-11D3-BF4B-00C04F79EFBC}") = "ArchidonaGil.Modelos", "ArchidonaGil.Modelos\ArchidonaGil.Modelos.csproj", "{1C19C477-06A4-41F9-9B55-CEC6ADF18BA7}"
EndProject
Global
	GlobalSection(SolutionConfigurationPlatforms) = preSolution
		Debug|Any CPU = Debug|Any CPU
		Release|Any CPU = Release|Any CPU
	EndGlobalSection
	GlobalSection(ProjectConfigurationPlatforms) = postSolution
		{A7CF9075-0832-4EA8-A65F-0E301DC5B5B3}.Debug|Any CPU.ActiveCfg = Debug|Any CPU
		{A7CF9075-0832-4EA8-A65F-0E301DC5B5B3}.Debug|Any CPU.Build.0 = Debug|Any CPU
		{A7CF9075-0832-4EA8-A65F-0E301DC5B5B3}.Release|Any CPU.ActiveCfg = Release|Any CPU
		{A7CF9075-0832-4EA8-A65F-0E301DC5B5B3}.Release|Any CPU.Build.0 = Release|Any CPU
		{58525463-864B-4933-9E60-01859183B666}.Debug|Any CPU.ActiveCfg = Debug|Any CPU
		{58525463-864B-4933-9E60-01859183B666}.Debug|Any CPU.Build.0 = Debug|Any CPU
		{58525463-864B-4933-9E60-01859183B666}.Release|Any CPU.ActiveCfg = Release|Any CPU
		{58525463-864B-4933-9E60-01859183B666}.Release|Any CPU.Build.0 = Release|Any CPU
		{1C19C477-06A4-41F9-9B55-CEC6ADF18BA7}.Debug|Any CPU.ActiveCfg = Debug|Any CPU
		{1C19C477-06A4-41F9-9B55-CEC6ADF18BA7}.Debug|Any CPU.Build.0 = Debug|Any CPU
		{1C19C477-06A4-41F9-9B55-CEC6ADF18BA7}.Release|Any CPU.ActiveCfg = Release|Any CPU
		{1C19C477-06A4-41F9-9B55-CEC6ADF18BA7}.Release|Any CPU.Build.0 = Release|Any CPU
	EndGlobalSection
	GlobalSection(SolutionProperties) = preSolution
		HideSolutionNode = FALSE
	EndGlobalSection
	GlobalSection(ExtensibilityGlobals) = postSolution
		SolutionGuid = {9C400653-BB5C-4F26-B4D2-585B2161827D}
	EndGlobalSection
EndGlobal
